// !$*UTF8*$!
{
	archiveVersion = 1;
	classes = {
	};
	objectVersion = 77;
	objects = {

/* Begin PBXBuildFile section */
		AF113CFE2EC1F5F60036638C /* FormValidator in Frameworks */ = {isa = PBXBuildFile; productRef = AF113CFD2EC1F5F60036638C /* FormValidator */; };
/* End PBXBuildFile section */

/* Begin PBXContainerItemProxy section */
		AF974EFB2EB36C4F000B2F55 /* PBXContainerItemProxy */ = {
			isa = PBXContainerItemProxy;
			containerPortal = AF974EE42EB36C4D000B2F55 /* Project object */;
			proxyType = 1;
			remoteGlobalIDString = AF974EEB2EB36C4D000B2F55;
			remoteInfo = arabii;
		};
		AF974F052EB36C4F000B2F55 /* PBXContainerItemProxy */ = {
			isa = PBXContainerItemProxy;
			containerPortal = AF974EE42EB36C4D000B2F55 /* Project object */;
			proxyType = 1;
			remoteGlobalIDString = AF974EEB2EB36C4D000B2F55;
			remoteInfo = arabii;
		};
/* End PBXContainerItemProxy section */

/* Begin PBXFileReference section */
		AF974EEC2EB36C4D000B2F55 /* arabii.app */ = {isa = PBXFileReference; explicitFileType = wrapper.application; includeInIndex = 0; path = arabii.app; sourceTree = BUILT_PRODUCTS_DIR; };
		AF974EFA2EB36C4F000B2F55 /* arabiiTests.xctest */ = {isa = PBXFileReference; explicitFileType = wrapper.cfbundle; includeInIndex = 0; path = arabiiTests.xctest; sourceTree = BUILT_PRODUCTS_DIR; };
		AF974F042EB36C4F000B2F55 /* arabiiUITests.xctest */ = {isa = PBXFileReference; explicitFileType = wrapper.cfbundle; includeInIndex = 0; path = arabiiUITests.xctest; sourceTree = BUILT_PRODUCTS_DIR; };
/* End PBXFileReference section */

/* Begin PBXFileSystemSynchronizedRootGroup section */
		AF974EEE2EB36C4D000B2F55 /* arabii */ = {
			isa = PBXFileSystemSynchronizedRootGroup;
			path = arabii;
			sourceTree = "<group>";
		};
		AF974EFD2EB36C4F000B2F55 /* arabiiTests */ = {
			isa = PBXFileSystemSynchronizedRootGroup;
			path = arabiiTests;
			sourceTree = "<group>";
		};
		AF974F072EB36C4F000B2F55 /* arabiiUITests */ = {
			isa = PBXFileSystemSynchronizedRootGroup;
			path = arabiiUITests;
			sourceTree = "<group>";
		};
/* End PBXFileSystemSynchronizedRootGroup section */

/* Begin PBXFrameworksBuildPhase section */
		AF974EE92EB36C4D000B2F55 /* Frameworks */ = {
			isa = PBXFrameworksBuildPhase;
			buildActionMask = 2147483647;
			files = (
				AF113CFE2EC1F5F60036638C /* FormValidator in Frameworks */,
			);
			runOnlyForDeploymentPostprocessing = 0;
		};
		AF974EF72EB36C4F000B2F55 /* Frameworks */ = {
			isa = PBXFrameworksBuildPhase;
			buildActionMask = 2147483647;
			files = (
			);
			runOnlyForDeploymentPostprocessing = 0;
		};
		AF974F012EB36C4F000B2F55 /* Frameworks */ = {
			isa = PBXFrameworksBuildPhase;
			buildActionMask = 2147483647;
			files = (
			);
			runOnlyForDeploymentPostprocessing = 0;
		};
/* End PBXFrameworksBuildPhase section */

/* Begin PBXGroup section */
		AF113CFC2EC1F5F60036638C /* Frameworks */ = {
			isa = PBXGroup;
			children = (
			);
			name = Frameworks;
			sourceTree = "<group>";
		};
		AF974EE32EB36C4D000B2F55 = {
			isa = PBXGroup;
			children = (
				AF974EEE2EB36C4D000B2F55 /* arabii */,
				AF974EFD2EB36C4F000B2F55 /* arabiiTests */,
				AF974F072EB36C4F000B2F55 /* arabiiUITests */,
				AF113CFC2EC1F5F60036638C /* Frameworks */,
				AF974EED2EB36C4D000B2F55 /* Products */,
			);
			sourceTree = "<group>";
		};
		AF974EED2EB36C4D000B2F55 /* Products */ = {
			isa = PBXGroup;
			children = (
				AF974EEC2EB36C4D000B2F55 /* arabii.app */,
				AF974EFA2EB36C4F000B2F55 /* arabiiTests.xctest */,
				AF974F042EB36C4F000B2F55 /* arabiiUITests.xctest */,
			);
			name = Products;
			sourceTree = "<group>";
		};
/* End PBXGroup section */

/* Begin PBXNativeTarget section */
		AF974EEB2EB36C4D000B2F55 /* arabii */ = {
			isa = PBXNativeTarget;
			buildConfigurationList = AF974F0E2EB36C4F000B2F55 /* Build configuration list for PBXNativeTarget "arabii" */;
			buildPhases = (
				AF974EE82EB36C4D000B2F55 /* Sources */,
				AF974EE92EB36C4D000B2F55 /* Frameworks */,
				AF974EEA2EB36C4D000B2F55 /* Resources */,
			);
			buildRules = (
			);
			dependencies = (
			);
			fileSystemSynchronizedGroups = (
				AF974EEE2EB36C4D000B2F55 /* arabii */,
			);
			name = arabii;
			packageProductDependencies = (
				AF113CFD2EC1F5F60036638C /* FormValidator */,
			);
			productName = arabii;
			productReference = AF974EEC2EB36C4D000B2F55 /* arabii.app */;
			productType = "com.apple.product-type.application";
		};
		AF974EF92EB36C4F000B2F55 /* arabiiTests */ = {
			isa = PBXNativeTarget;
			buildConfigurationList = AF974F112EB36C4F000B2F55 /* Build configuration list for PBXNativeTarget "arabiiTests" */;
			buildPhases = (
				AF974EF62EB36C4F000B2F55 /* Sources */,
				AF974EF72EB36C4F000B2F55 /* Frameworks */,
				AF974EF82EB36C4F000B2F55 /* Resources */,
			);
			buildRules = (
			);
			dependencies = (
				AF974EFC2EB36C4F000B2F55 /* PBXTargetDependency */,
			);
			fileSystemSynchronizedGroups = (
				AF974EFD2EB36C4F000B2F55 /* arabiiTests */,
			);
			name = arabiiTests;
			packageProductDependencies = (
			);
			productName = arabiiTests;
			productReference = AF974EFA2EB36C4F000B2F55 /* arabiiTests.xctest */;
			productType = "com.apple.product-type.bundle.unit-test";
		};
		AF974F032EB36C4F000B2F55 /* arabiiUITests */ = {
			isa = PBXNativeTarget;
			buildConfigurationList = AF974F142EB36C4F000B2F55 /* Build configuration list for PBXNativeTarget "arabiiUITests" */;
			buildPhases = (
				AF974F002EB36C4F000B2F55 /* Sources */,
				AF974F012EB36C4F000B2F55 /* Frameworks */,
				AF974F022EB36C4F000B2F55 /* Resources */,
			);
			buildRules = (
			);
			dependencies = (
				AF974F062EB36C4F000B2F55 /* PBXTargetDependency */,
			);
			fileSystemSynchronizedGroups = (
				AF974F072EB36C4F000B2F55 /* arabiiUITests */,
			);
			name = arabiiUITests;
			packageProductDependencies = (
			);
			productName = arabiiUITests;
			productReference = AF974F042EB36C4F000B2F55 /* arabiiUITests.xctest */;
			productType = "com.apple.product-type.bundle.ui-testing";
		};
/* End PBXNativeTarget section */

/* Begin PBXProject section */
		AF974EE42EB36C4D000B2F55 /* Project object */ = {
			isa = PBXProject;
			attributes = {
				BuildIndependentTargetsInParallel = 1;
				LastSwiftUpdateCheck = 1640;
				LastUpgradeCheck = 1640;
				TargetAttributes = {
					AF974EEB2EB36C4D000B2F55 = {
						CreatedOnToolsVersion = 16.4;
					};
					AF974EF92EB36C4F000B2F55 = {
						CreatedOnToolsVersion = 16.4;
						TestTargetID = AF974EEB2EB36C4D000B2F55;
					};
					AF974F032EB36C4F000B2F55 = {
						CreatedOnToolsVersion = 16.4;
						TestTargetID = AF974EEB2EB36C4D000B2F55;
					};
				};
			};
			buildConfigurationList = AF974EE72EB36C4D000B2F55 /* Build configuration list for PBXProject "arabii" */;
			developmentRegion = en;
			hasScannedForEncodings = 0;
			knownRegions = (
				en,
				Base,
			);
			mainGroup = AF974EE32EB36C4D000B2F55;
			minimizedProjectReferenceProxies = 1;
			packageReferences = (
				AF113CF62EC1F2AA0036638C /* XCRemoteSwiftPackageReference "SwiftUIFormValidator" */,
			);
			preferredProjectObjectVersion = 77;
			productRefGroup = AF974EED2EB36C4D000B2F55 /* Products */;
			projectDirPath = "";
			projectRoot = "";
			targets = (
				AF974EEB2EB36C4D000B2F55 /* arabii */,
				AF974EF92EB36C4F000B2F55 /* arabiiTests */,
				AF974F032EB36C4F000B2F55 /* arabiiUITests */,
			);
		};
/* End PBXProject section */

/* Begin PBXResourcesBuildPhase section */
		AF974EEA2EB36C4D000B2F55 /* Resources */ = {
			isa = PBXResourcesBuildPhase;
			buildActionMask = 2147483647;
			files = (
			);
			runOnlyForDeploymentPostprocessing = 0;
		};
		AF974EF82EB36C4F000B2F55 /* Resources */ = {
			isa = PBXResourcesBuildPhase;
			buildActionMask = 2147483647;
			files = (
			);
			runOnlyForDeploymentPostprocessing = 0;
		};
		AF974F022EB36C4F000B2F55 /* Resources */ = {
			isa = PBXResourcesBuildPhase;
			buildActionMask = 2147483647;
			files = (
			);
			runOnlyForDeploymentPostprocessing = 0;
		};
/* End PBXResourcesBuildPhase section */

/* Begin PBXSourcesBuildPhase section */
		AF974EE82EB36C4D000B2F55 /* Sources */ = {
			isa = PBXSourcesBuildPhase;
			buildActionMask = 2147483647;
			files = (
			);
			runOnlyForDeploymentPostprocessing = 0;
		};
		AF974EF62EB36C4F000B2F55 /* Sources */ = {
			isa = PBXSourcesBuildPhase;
			buildActionMask = 2147483647;
			files = (
			);
			runOnlyForDeploymentPostprocessing = 0;
		};
		AF974F002EB36C4F000B2F55 /* Sources */ = {
			isa = PBXSourcesBuildPhase;
			buildActionMask = 2147483647;
			files = (
			);
			runOnlyForDeploymentPostprocessing = 0;
		};
/* End PBXSourcesBuildPhase section */

/* Begin PBXTargetDependency section */
		AF974EFC2EB36C4F000B2F55 /* PBXTargetDependency */ = {
			isa = PBXTargetDependency;
			target = AF974EEB2EB36C4D000B2F55 /* arabii */;
			targetProxy = AF974EFB2EB36C4F000B2F55 /* PBXContainerItemProxy */;
		};
		AF974F062EB36C4F000B2F55 /* PBXTargetDependency */ = {
			isa = PBXTargetDependency;
			target = AF974EEB2EB36C4D000B2F55 /* arabii */;
			targetProxy = AF974F052EB36C4F000B2F55 /* PBXContainerItemProxy */;
		};
/* End PBXTargetDependency section */

/* Begin XCBuildConfiguration section */
		AF974F0C2EB36C4F000B2F55 /* Debug */ = {
			isa = XCBuildConfiguration;
			buildSettings = {
				ALWAYS_SEARCH_USER_PATHS = NO;
				ASSETCATALOG_COMPILER_GENERATE_SWIFT_ASSET_SYMBOL_EXTENSIONS = YES;
				CLANG_ANALYZER_NONNULL = YES;
				CLANG_ANALYZER_NUMBER_OBJECT_CONVERSION = YES_AGGRESSIVE;
				CLANG_CXX_LANGUAGE_STANDARD = "gnu++20";
				CLANG_ENABLE_MODULES = YES;
				CLANG_ENABLE_OBJC_ARC = YES;
				CLANG_ENABLE_OBJC_WEAK = YES;
				CLANG_WARN_BLOCK_CAPTURE_AUTORELEASING = YES;
				CLANG_WARN_BOOL_CONVERSION = YES;
				CLANG_WARN_COMMA = YES;
				CLANG_WARN_CONSTANT_CONVERSION = YES;
				CLANG_WARN_DEPRECATED_OBJC_IMPLEMENTATIONS = YES;
				CLANG_WARN_DIRECT_OBJC_ISA_USAGE = YES_ERROR;
				CLANG_WARN_DOCUMENTATION_COMMENTS = YES;
				CLANG_WARN_EMPTY_BODY = YES;
				CLANG_WARN_ENUM_CONVERSION = YES;
				CLANG_WARN_INFINITE_RECURSION = YES;
				CLANG_WARN_INT_CONVERSION = YES;
				CLANG_WARN_NON_LITERAL_NULL_CONVERSION = YES;
				CLANG_WARN_OBJC_IMPLICIT_RETAIN_SELF = YES;
				CLANG_WARN_OBJC_LITERAL_CONVERSION = YES;
				CLANG_WARN_OBJC_ROOT_CLASS = YES_ERROR;
				CLANG_WARN_QUOTED_INCLUDE_IN_FRAMEWORK_HEADER = YES;
				CLANG_WARN_RANGE_LOOP_ANALYSIS = YES;
				CLANG_WARN_STRICT_PROTOTYPES = YES;
				CLANG_WARN_SUSPICIOUS_MOVE = YES;
				CLANG_WARN_UNGUARDED_AVAILABILITY = YES_AGGRESSIVE;
				CLANG_WARN_UNREACHABLE_CODE = YES;
				CLANG_WARN__DUPLICATE_METHOD_MATCH = YES;
				COPY_PHASE_STRIP = NO;
				DEBUG_INFORMATION_FORMAT = dwarf;
				DEVELOPMENT_TEAM = W568CVG5MG;
				ENABLE_STRICT_OBJC_MSGSEND = YES;
				ENABLE_TESTABILITY = YES;
				ENABLE_USER_SCRIPT_SANDBOXING = YES;
				GCC_C_LANGUAGE_STANDARD = gnu17;
				GCC_DYNAMIC_NO_PIC = NO;
				GCC_NO_COMMON_BLOCKS = YES;
				GCC_OPTIMIZATION_LEVEL = 0;
				GCC_PREPROCESSOR_DEFINITIONS = (
					"DEBUG=1",
					"$(inherited)",
				);
				GCC_WARN_64_TO_32_BIT_CONVERSION = YES;
				GCC_WARN_ABOUT_RETURN_TYPE = YES_ERROR;
				GCC_WARN_UNDECLARED_SELECTOR = YES;
				GCC_WARN_UNINITIALIZED_AUTOS = YES_AGGRESSIVE;
				GCC_WARN_UNUSED_FUNCTION = YES;
				GCC_WARN_UNUSED_VARIABLE = YES;
				LOCALIZATION_PREFERS_STRING_CATALOGS = YES;
				MTL_ENABLE_DEBUG_INFO = INCLUDE_SOURCE;
				MTL_FAST_MATH = YES;
				ONLY_ACTIVE_ARCH = YES;
				SWIFT_ACTIVE_COMPILATION_CONDITIONS = "DEBUG $(inherited)";
				SWIFT_OPTIMIZATION_LEVEL = "-Onone";
			};
			name = Debug;
		};
		AF974F0D2EB36C4F000B2F55 /* Release */ = {
			isa = XCBuildConfiguration;
			buildSettings = {
				ALWAYS_SEARCH_USER_PATHS = NO;
				ASSETCATALOG_COMPILER_GENERATE_SWIFT_ASSET_SYMBOL_EXTENSIONS = YES;
				CLANG_ANALYZER_NONNULL = YES;
				CLANG_ANALYZER_NUMBER_OBJECT_CONVERSION = YES_AGGRESSIVE;
				CLANG_CXX_LANGUAGE_STANDARD = "gnu++20";
				CLANG_ENABLE_MODULES = YES;
				CLANG_ENABLE_OBJC_ARC = YES;
				CLANG_ENABLE_OBJC_WEAK = YES;
				CLANG_WARN_BLOCK_CAPTURE_AUTORELEASING = YES;
				CLANG_WARN_BOOL_CONVERSION = YES;
				CLANG_WARN_COMMA = YES;
				CLANG_WARN_CONSTANT_CONVERSION = YES;
				CLANG_WARN_DEPRECATED_OBJC_IMPLEMENTATIONS = YES;
				CLANG_WARN_DIRECT_OBJC_ISA_USAGE = YES_ERROR;
				CLANG_WARN_DOCUMENTATION_COMMENTS = YES;
				CLANG_WARN_EMPTY_BODY = YES;
				CLANG_WARN_ENUM_CONVERSION = YES;
				CLANG_WARN_INFINITE_RECURSION = YES;
				CLANG_WARN_INT_CONVERSION = YES;
				CLANG_WARN_NON_LITERAL_NULL_CONVERSION = YES;
				CLANG_WARN_OBJC_IMPLICIT_RETAIN_SELF = YES;
				CLANG_WARN_OBJC_LITERAL_CONVERSION = YES;
				CLANG_WARN_OBJC_ROOT_CLASS = YES_ERROR;
				CLANG_WARN_QUOTED_INCLUDE_IN_FRAMEWORK_HEADER = YES;
				CLANG_WARN_RANGE_LOOP_ANALYSIS = YES;
				CLANG_WARN_STRICT_PROTOTYPES = YES;
				CLANG_WARN_SUSPICIOUS_MOVE = YES;
				CLANG_WARN_UNGUARDED_AVAILABILITY = YES_AGGRESSIVE;
				CLANG_WARN_UNREACHABLE_CODE = YES;
				CLANG_WARN__DUPLICATE_METHOD_MATCH = YES;
				COPY_PHASE_STRIP = NO;
				DEBUG_INFORMATION_FORMAT = "dwarf-with-dsym";
				DEVELOPMENT_TEAM = W568CVG5MG;
				ENABLE_NS_ASSERTIONS = NO;
				ENABLE_STRICT_OBJC_MSGSEND = YES;
				ENABLE_USER_SCRIPT_SANDBOXING = YES;
				GCC_C_LANGUAGE_STANDARD = gnu17;
				GCC_NO_COMMON_BLOCKS = YES;
				GCC_WARN_64_TO_32_BIT_CONVERSION = YES;
				GCC_WARN_ABOUT_RETURN_TYPE = YES_ERROR;
				GCC_WARN_UNDECLARED_SELECTOR = YES;
				GCC_WARN_UNINITIALIZED_AUTOS = YES_AGGRESSIVE;
				GCC_WARN_UNUSED_FUNCTION = YES;
				GCC_WARN_UNUSED_VARIABLE = YES;
				LOCALIZATION_PREFERS_STRING_CATALOGS = YES;
				MTL_ENABLE_DEBUG_INFO = NO;
				MTL_FAST_MATH = YES;
				SWIFT_COMPILATION_MODE = wholemodule;
			};
			name = Release;
		};
		AF974F0F2EB36C4F000B2F55 /* Debug */ = {
			isa = XCBuildConfiguration;
			buildSettings = {
				ASSETCATALOG_COMPILER_APPICON_NAME = AppIcon;
				ASSETCATALOG_COMPILER_GLOBAL_ACCENT_COLOR_NAME = AccentColor;
				CODE_SIGN_ENTITLEMENTS = arabii/arabii.entitlements;
				CODE_SIGN_STYLE = Automatic;
				CURRENT_PROJECT_VERSION = 1;
				DEVELOPMENT_TEAM = W568CVG5MG;
				ENABLE_HARDENED_RUNTIME = YES;
				ENABLE_PREVIEWS = YES;
				GENERATE_INFOPLIST_FILE = YES;
				"INFOPLIST_KEY_UIApplicationSceneManifest_Generation[sdk=iphoneos*]" = YES;
				"INFOPLIST_KEY_UIApplicationSceneManifest_Generation[sdk=iphonesimulator*]" = YES;
				"INFOPLIST_KEY_UIApplicationSupportsIndirectInputEvents[sdk=iphoneos*]" = YES;
				"INFOPLIST_KEY_UIApplicationSupportsIndirectInputEvents[sdk=iphonesimulator*]" = YES;
				"INFOPLIST_KEY_UILaunchScreen_Generation[sdk=iphoneos*]" = YES;
				"INFOPLIST_KEY_UILaunchScreen_Generation[sdk=iphonesimulator*]" = YES;
				"INFOPLIST_KEY_UIStatusBarStyle[sdk=iphoneos*]" = UIStatusBarStyleDefault;
				"INFOPLIST_KEY_UIStatusBarStyle[sdk=iphonesimulator*]" = UIStatusBarStyleDefault;
				INFOPLIST_KEY_UISupportedInterfaceOrientations_iPad = "UIInterfaceOrientationPortrait UIInterfaceOrientationPortraitUpsideDown UIInterfaceOrientationLandscapeLeft UIInterfaceOrientationLandscapeRight";
				INFOPLIST_KEY_UISupportedInterfaceOrientations_iPhone = "UIInterfaceOrientationPortrait UIInterfaceOrientationLandscapeLeft UIInterfaceOrientationLandscapeRight";
				IPHONEOS_DEPLOYMENT_TARGET = 18.5;
				LD_RUNPATH_SEARCH_PATHS = "@executable_path/Frameworks";
				"LD_RUNPATH_SEARCH_PATHS[sdk=macosx*]" = "@executable_path/../Frameworks";
				MACOSX_DEPLOYMENT_TARGET = 15.5;
				MARKETING_VERSION = 1.0;
				PRODUCT_BUNDLE_IDENTIFIER = arabii.arabii;
				PRODUCT_NAME = "$(TARGET_NAME)";
				REGISTER_APP_GROUPS = YES;
				SDKROOT = auto;
				SUPPORTED_PLATFORMS = "iphoneos iphonesimulator macosx xros xrsimulator";
				SWIFT_EMIT_LOC_STRINGS = YES;
				SWIFT_VERSION = 5.0;
				TARGETED_DEVICE_FAMILY = "1,2,7";
				XROS_DEPLOYMENT_TARGET = 2.5;
			};
			name = Debug;
		};
		AF974F102EB36C4F000B2F55 /* Release */ = {
			isa = XCBuildConfiguration;
			buildSettings = {
				ASSETCATALOG_COMPILER_APPICON_NAME = AppIcon;
				ASSETCATALOG_COMPILER_GLOBAL_ACCENT_COLOR_NAME = AccentColor;
				CODE_SIGN_ENTITLEMENTS = arabii/arabii.entitlements;
				CODE_SIGN_STYLE = Automatic;
				CURRENT_PROJECT_VERSION = 1;
				DEVELOPMENT_TEAM = W568CVG5MG;
				ENABLE_HARDENED_RUNTIME = YES;
				ENABLE_PREVIEWS = YES;
				GENERATE_INFOPLIST_FILE = YES;
				"INFOPLIST_KEY_UIApplicationSceneManifest_Generation[sdk=iphoneos*]" = YES;
				"INFOPLIST_KEY_UIApplicationSceneManifest_Generation[sdk=iphonesimulator*]" = YES;
				"INFOPLIST_KEY_UIApplicationSupportsIndirectInputEvents[sdk=iphoneos*]" = YES;
				"INFOPLIST_KEY_UIApplicationSupportsIndirectInputEvents[sdk=iphonesimulator*]" = YES;
				"INFOPLIST_KEY_UILaunchScreen_Generation[sdk=iphoneos*]" = YES;
				"INFOPLIST_KEY_UILaunchScreen_Generation[sdk=iphonesimulator*]" = YES;
				"INFOPLIST_KEY_UIStatusBarStyle[sdk=iphoneos*]" = UIStatusBarStyleDefault;
				"INFOPLIST_KEY_UIStatusBarStyle[sdk=iphonesimulator*]" = UIStatusBarStyleDefault;
				INFOPLIST_KEY_UISupportedInterfaceOrientations_iPad = "UIInterfaceOrientationPortrait UIInterfaceOrientationPortraitUpsideDown UIInterfaceOrientationLandscapeLeft UIInterfaceOrientationLandscapeRight";
				INFOPLIST_KEY_UISupportedInterfaceOrientations_iPhone = "UIInterfaceOrientationPortrait UIInterfaceOrientationLandscapeLeft UIInterfaceOrientationLandscapeRight";
				IPHONEOS_DEPLOYMENT_TARGET = 18.5;
				LD_RUNPATH_SEARCH_PATHS = "@executable_path/Frameworks";
				"LD_RUNPATH_SEARCH_PATHS[sdk=macosx*]" = "@executable_path/../Frameworks";
				MACOSX_DEPLOYMENT_TARGET = 15.5;
				MARKETING_VERSION = 1.0;
				PRODUCT_BUNDLE_IDENTIFIER = arabii.arabii;
				PRODUCT_NAME = "$(TARGET_NAME)";
				REGISTER_APP_GROUPS = YES;
				SDKROOT = auto;
				SUPPORTED_PLATFORMS = "iphoneos iphonesimulator macosx xros xrsimulator";
				SWIFT_EMIT_LOC_STRINGS = YES;
				SWIFT_VERSION = 5.0;
				TARGETED_DEVICE_FAMILY = "1,2,7";
				XROS_DEPLOYMENT_TARGET = 2.5;
			};
			name = Release;
		};
		AF974F122EB36C4F000B2F55 /* Debug */ = {
			isa = XCBuildConfiguration;
			buildSettings = {
				BUNDLE_LOADER = "$(TEST_HOST)";
				CODE_SIGN_STYLE = Automatic;
				CURRENT_PROJECT_VERSION = 1;
				DEVELOPMENT_TEAM = W568CVG5MG;
				GENERATE_INFOPLIST_FILE = YES;
				IPHONEOS_DEPLOYMENT_TARGET = 18.5;
				MACOSX_DEPLOYMENT_TARGET = 15.5;
				MARKETING_VERSION = 1.0;
				PRODUCT_BUNDLE_IDENTIFIER = arabii.arabiiTests;
				PRODUCT_NAME = "$(TARGET_NAME)";
				SDKROOT = auto;
				SUPPORTED_PLATFORMS = "iphoneos iphonesimulator macosx xros xrsimulator";
				SWIFT_EMIT_LOC_STRINGS = NO;
				SWIFT_VERSION = 5.0;
				TARGETED_DEVICE_FAMILY = "1,2,7";
				TEST_HOST = "$(BUILT_PRODUCTS_DIR)/arabii.app/$(BUNDLE_EXECUTABLE_FOLDER_PATH)/arabii";
				XROS_DEPLOYMENT_TARGET = 2.5;
			};
			name = Debug;
		};
		AF974F132EB36C4F000B2F55 /* Release */ = {
			isa = XCBuildConfiguration;
			buildSettings = {
				BUNDLE_LOADER = "$(TEST_HOST)";
				CODE_SIGN_STYLE = Automatic;
				CURRENT_PROJECT_VERSION = 1;
				DEVELOPMENT_TEAM = W568CVG5MG;
				GENERATE_INFOPLIST_FILE = YES;
				IPHONEOS_DEPLOYMENT_TARGET = 18.5;
				MACOSX_DEPLOYMENT_TARGET = 15.5;
				MARKETING_VERSION = 1.0;
				PRODUCT_BUNDLE_IDENTIFIER = arabii.arabiiTests;
				PRODUCT_NAME = "$(TARGET_NAME)";
				SDKROOT = auto;
				SUPPORTED_PLATFORMS = "iphoneos iphonesimulator macosx xros xrsimulator";
				SWIFT_EMIT_LOC_STRINGS = NO;
				SWIFT_VERSION = 5.0;
				TARGETED_DEVICE_FAMILY = "1,2,7";
				TEST_HOST = "$(BUILT_PRODUCTS_DIR)/arabii.app/$(BUNDLE_EXECUTABLE_FOLDER_PATH)/arabii";
				XROS_DEPLOYMENT_TARGET = 2.5;
			};
			name = Release;
		};
		AF974F152EB36C4F000B2F55 /* Debug */ = {
			isa = XCBuildConfiguration;
			buildSettings = {
				CODE_SIGN_STYLE = Automatic;
				CURRENT_PROJECT_VERSION = 1;
				DEVELOPMENT_TEAM = W568CVG5MG;
				GENERATE_INFOPLIST_FILE = YES;
				IPHONEOS_DEPLOYMENT_TARGET = 18.5;
				MACOSX_DEPLOYMENT_TARGET = 15.5;
				MARKETING_VERSION = 1.0;
				PRODUCT_BUNDLE_IDENTIFIER = arabii.arabiiUITests;
				PRODUCT_NAME = "$(TARGET_NAME)";
				SDKROOT = auto;
				SUPPORTED_PLATFORMS = "iphoneos iphonesimulator macosx xros xrsimulator";
				SWIFT_EMIT_LOC_STRINGS = NO;
				SWIFT_VERSION = 5.0;
				TARGETED_DEVICE_FAMILY = "1,2,7";
				TEST_TARGET_NAME = arabii;
				XROS_DEPLOYMENT_TARGET = 2.5;
			};
			name = Debug;
		};
		AF974F162EB36C4F000B2F55 /* Release */ = {
			isa = XCBuildConfiguration;
			buildSettings = {
				CODE_SIGN_STYLE = Automatic;
				CURRENT_PROJECT_VERSION = 1;
				DEVELOPMENT_TEAM = W568CVG5MG;
				GENERATE_INFOPLIST_FILE = YES;
				IPHONEOS_DEPLOYMENT_TARGET = 18.5;
				MACOSX_DEPLOYMENT_TARGET = 15.5;
				MARKETING_VERSION = 1.0;
				PRODUCT_BUNDLE_IDENTIFIER = arabii.arabiiUITests;
				PRODUCT_NAME = "$(TARGET_NAME)";
				SDKROOT = auto;
				SUPPORTED_PLATFORMS = "iphoneos iphonesimulator macosx xros xrsimulator";
				SWIFT_EMIT_LOC_STRINGS = NO;
				SWIFT_VERSION = 5.0;
				TARGETED_DEVICE_FAMILY = "1,2,7";
				TEST_TARGET_NAME = arabii;
				XROS_DEPLOYMENT_TARGET = 2.5;
			};
			name = Release;
		};
/* End XCBuildConfiguration section */

/* Begin XCConfigurationList section */
		AF974EE72EB36C4D000B2F55 /* Build configuration list for PBXProject "arabii" */ = {
			isa = XCConfigurationList;
			buildConfigurations = (
				AF974F0C2EB36C4F000B2F55 /* Debug */,
				AF974F0D2EB36C4F000B2F55 /* Release */,
			);
			defaultConfigurationIsVisible = 0;
			defaultConfigurationName = Release;
		};
		AF974F0E2EB36C4F000B2F55 /* Build configuration list for PBXNativeTarget "arabii" */ = {
			isa = XCConfigurationList;
			buildConfigurations = (
				AF974F0F2EB36C4F000B2F55 /* Debug */,
				AF974F102EB36C4F000B2F55 /* Release */,
			);
			defaultConfigurationIsVisible = 0;
			defaultConfigurationName = Release;
		};
		AF974F112EB36C4F000B2F55 /* Build configuration list for PBXNativeTarget "arabiiTests" */ = {
			isa = XCConfigurationList;
			buildConfigurations = (
				AF974F122EB36C4F000B2F55 /* Debug */,
				AF974F132EB36C4F000B2F55 /* Release */,
			);
			defaultConfigurationIsVisible = 0;
			defaultConfigurationName = Release;
		};
		AF974F142EB36C4F000B2F55 /* Build configuration list for PBXNativeTarget "arabiiUITests" */ = {
			isa = XCConfigurationList;
			buildConfigurations = (
				AF974F152EB36C4F000B2F55 /* Debug */,
				AF974F162EB36C4F000B2F55 /* Release */,
			);
			defaultConfigurationIsVisible = 0;
			defaultConfigurationName = Release;
		};
/* End XCConfigurationList section */

/* Begin XCRemoteSwiftPackageReference section */
		AF113CF62EC1F2AA0036638C /* XCRemoteSwiftPackageReference "SwiftUIFormValidator" */ = {
			isa = XCRemoteSwiftPackageReference;
			repositoryURL = "https://github.com/Open-Bytes/SwiftUIFormValidator.git";
			requirement = {
				kind = upToNextMajorVersion;
				minimumVersion = 1.2.2;
			};
		};
/* End XCRemoteSwiftPackageReference section */

/* Begin XCSwiftPackageProductDependency section */
		AF113CFD2EC1F5F60036638C /* FormValidator */ = {
			isa = XCSwiftPackageProductDependency;
			package = AF113CF62EC1F2AA0036638C /* XCRemoteSwiftPackageReference "SwiftUIFormValidator" */;
			productName = FormValidator;
		};
/* End XCSwiftPackageProductDependency section */
	};
	rootObject = AF974EE42EB36C4D000B2F55 /* Project object */;
}
